
Microsoft Visual Studio Solution File, Format Version 12.00
# Visual Studio Version 17
VisualStudioVersion = 17.2.32526.322
MinimumVisualStudioVersion = 10.0.40219.1
Project("{FAE04EC0-301F-11D3-BF4B-00C04F79EFBC}") = "CIS", "CIS.csproj", "{B3F81209-13CC-4D46-B1EF-7F75CB578431}"
EndProject
Project("{2150E333-8FDC-42A3-9474-1A3956D46DE8}") = "Solution Items", "Solution Items", "{A310EB8A-2BC7-44FE-B5F1-52FAD5D130C1}"
	ProjectSection(SolutionItems) = preProject
		.editorconfig = .editorconfig
	EndProjectSection
EndProject
Global
	GlobalSection(SolutionConfigurationPlatforms) = preSolution
		Debug|Any CPU = Debug|Any CPU
		Release|Any CPU = Release|Any CPU
	EndGlobalSection
	GlobalSection(ProjectConfigurationPlatforms) = postSolution
		{B3F81209-13CC-4D46-B1EF-7F75CB578431}.Debug|Any CPU.ActiveCfg = Debug|Any CPU
		{B3F81209-13CC-4D46-B1EF-7F75CB578431}.Debug|Any CPU.Build.0 = Debug|Any CPU
		{B3F81209-13CC-4D46-B1EF-7F75CB578431}.Release|Any CPU.ActiveCfg = Release|Any CPU
		{B3F81209-13CC-4D46-B1EF-7F75CB578431}.Release|Any CPU.Build.0 = Release|Any CPU
	EndGlobalSection
	GlobalSection(SolutionProperties) = preSolution
		HideSolutionNode = FALSE
	EndGlobalSection
	GlobalSection(ExtensibilityGlobals) = postSolution
		SolutionGuid = {E410303A-1AA6-45EF-9513-5C86C9241699}
	EndGlobalSection
EndGlobal
